
Microsoft Visual Studio Solution File, Format Version 12.00
# Visual Studio 2012
Project("{FAE04EC0-301F-11D3-BF4B-00C04F79EFBC}") = "SimpleDependencyInjectionConsole", "SimpleDependencyInjectionConsole\SimpleDependencyInjectionConsole.csproj", "{5FED2424-171B-4DCE-8B2F-171A6BC673C7}"
EndProject
Project("{FAE04EC0-301F-11D3-BF4B-00C04F79EFBC}") = "SimpleDependencyInjectionTests", "SimpleDependencyInjectionTests\SimpleDependencyInjectionTests.csproj", "{53BAB05F-4EA1-4601-A38A-23CC549E8331}"
EndProject
Global
	GlobalSection(SolutionConfigurationPlatforms) = preSolution
		Debug|Any CPU = Debug|Any CPU
		Release|Any CPU = Release|Any CPU
	EndGlobalSection
	GlobalSection(ProjectConfigurationPlatforms) = postSolution
		{5FED2424-171B-4DCE-8B2F-171A6BC673C7}.Debug|Any CPU.ActiveCfg = Debug|Any CPU
		{5FED2424-171B-4DCE-8B2F-171A6BC673C7}.Debug|Any CPU.Build.0 = Debug|Any CPU
		{5FED2424-171B-4DCE-8B2F-171A6BC673C7}.Release|Any CPU.ActiveCfg = Release|Any CPU
		{5FED2424-171B-4DCE-8B2F-171A6BC673C7}.Release|Any CPU.Build.0 = Release|Any CPU
		{53BAB05F-4EA1-4601-A38A-23CC549E8331}.Debug|Any CPU.ActiveCfg = Debug|Any CPU
		{53BAB05F-4EA1-4601-A38A-23CC549E8331}.Debug|Any CPU.Build.0 = Debug|Any CPU
		{53BAB05F-4EA1-4601-A38A-23CC549E8331}.Release|Any CPU.ActiveCfg = Release|Any CPU
		{53BAB05F-4EA1-4601-A38A-23CC549E8331}.Release|Any CPU.Build.0 = Release|Any CPU
	EndGlobalSection
	GlobalSection(SolutionProperties) = preSolution
		HideSolutionNode = FALSE
	EndGlobalSection
EndGlobal
